{
  "name": "midi-warz",
  "version": "0.0.1",
  "lockfileVersion": 3,
  "requires": true,
  "packages": {
    "": {
      "name": "midi-warz",
      "version": "0.0.1",
      "dependencies": {
        "movewire": "github:auridevil/movewire#main"
      }
    },
    "node_modules/movewire": {
      "version": "0.1.0",
      "resolved": "git+ssh://git@github.com/auridevil/movewire.git#024d09673de233d1465866cd0ef4b28ef231758d",
      "license": "MIT",
      "engines": {
        "node": ">=18"
      }
    }
  }
}
